
Microsoft Visual Studio Solution File, Format Version 12.00
# Visual Studio Version 16
VisualStudioVersion = 16.0.31229.75
MinimumVisualStudioVersion = 10.0.40219.1
Project("{2150E333-8FDC-42A3-9474-1A3956D46DE8}") = "Domain", "Domain", "{298C0C88-3D62-46E0-B1FD-22439DD19604}"
EndProject
Project("{2150E333-8FDC-42A3-9474-1A3956D46DE8}") = "Web", "Web", "{1A847BC2-E260-4B0E-B60D-2EB1CD5EA414}"
EndProject
Project("{2150E333-8FDC-42A3-9474-1A3956D46DE8}") = "Framework", "Framework", "{061D6746-2EF5-48AC-9CD8-07D444D74949}"
EndProject
Project("{2150E333-8FDC-42A3-9474-1A3956D46DE8}") = "Infrastructure", "Infrastructure", "{07DA06CE-852A-4FBD-82C1-4772915F7576}"
EndProject
Project("{2150E333-8FDC-42A3-9474-1A3956D46DE8}") = "test", "test", "{AC8AC292-5307-4168-B7AC-96A6030A70D8}"
EndProject
Project("{2150E333-8FDC-42A3-9474-1A3956D46DE8}") = "src", "src", "{9868EE43-9FC5-4714-B968-4C8D8BC62362}"
EndProject
Project("{9A19103F-16F7-4668-BE54-9A1E7A4F7556}") = "BehinRahkar.Infrastructure.Shared", "src\Infrastructure\BehinRahkar.Infrastructure.Shared\BehinRahkar.Infrastructure.Shared.csproj", "{62B3717B-72A9-4770-B81A-DDA02AE2AD63}"
EndProject
Project("{9A19103F-16F7-4668-BE54-9A1E7A4F7556}") = "BehinRahkar.Web.API", "src\Web\BehinRahkar.Web.API\BehinRahkar.Web.API.csproj", "{CFF5AB63-1A93-4C21-AE5D-6F5CBE1C5C21}"
EndProject
Project("{9A19103F-16F7-4668-BE54-9A1E7A4F7556}") = "BehinRahkar.Application.Test.Integration", "test\BehinRahkar.Core.ApplicationService.Test\BehinRahkar.Application.Test.Integration.csproj", "{6F8B0D4D-D4CE-41B7-AF0D-40F74E4D7769}"
EndProject
Project("{9A19103F-16F7-4668-BE54-9A1E7A4F7556}") = "BehinRahkar.Domain.Test.Unit", "test\BehinRahkar.Core.Domain.Test\BehinRahkar.Domain.Test.Unit.csproj", "{CC036C43-78BC-4DB0-B9A3-AB9304551B02}"
EndProject
Project("{2150E333-8FDC-42A3-9474-1A3956D46DE8}") = "Application", "Application", "{57F3F41B-0D76-423F-800D-6DE6D12BE6D5}"
EndProject
Project("{9A19103F-16F7-4668-BE54-9A1E7A4F7556}") = "BehinRahkar.Application", "src\Application\BehinRahkar.Application\BehinRahkar.Application.csproj", "{6783BFA4-3384-4573-A0FC-4BEE7E33D1D0}"
EndProject
Project("{9A19103F-16F7-4668-BE54-9A1E7A4F7556}") = "Framework.Core", "src\Framework\Framework.Core\Framework.Core.csproj", "{E2168146-7E05-4C70-A5E2-D1943714F098}"
EndProject
Project("{9A19103F-16F7-4668-BE54-9A1E7A4F7556}") = "Framework.Domain", "src\Framework\Framework.Domain\Framework.Domain.csproj", "{1B6F4BC7-429D-4BE1-B891-4B084046D582}"
EndProject
Project("{9A19103F-16F7-4668-BE54-9A1E7A4F7556}") = "Framework.OutboxProcessor", "src\Framework\Framework.OutboxProcessor\Framework.OutboxProcessor.csproj", "{70CF0894-A563-4F13-A38C-71DD1D34F5A6}"
EndProject
Project("{9A19103F-16F7-4668-BE54-9A1E7A4F7556}") = "Framework.Persistence", "src\Framework\Framework.Persistence\Framework.Persistence.csproj", "{92F1190C-4E5F-4BA7-8DD0-DD965EC14BB2}"
EndProject
Project("{9A19103F-16F7-4668-BE54-9A1E7A4F7556}") = "Framework.Persistence.EF", "src\Framework\Framework.Persistence.EF\Framework.Persistence.EF.csproj", "{C4BDA6FF-697B-4AC6-8A3A-4C1B6B2854A6}"
EndProject
Project("{9A19103F-16F7-4668-BE54-9A1E7A4F7556}") = "BehinRahkar.Domain", "src\Domain\BehinRahkar.Domain\BehinRahkar.Domain.csproj", "{B19CADEB-155E-4401-80C9-CEF969956022}"
EndProject
Project("{9A19103F-16F7-4668-BE54-9A1E7A4F7556}") = "BehinRahkar.Persistence.EF", "src\Infrastructure\BehinRahkar.Persistence.EF\BehinRahkar.Persistence.EF.csproj", "{E3E4B94D-C9AE-4A59-B434-9B079ABCC0F4}"
EndProject
Project("{9A19103F-16F7-4668-BE54-9A1E7A4F7556}") = "BehinRahkar.Application.Contracts", "src\Application\BehinRahkar.Application.Contracts\BehinRahkar.Application.Contracts.csproj", "{529DA852-8BFD-4364-8FA3-58E892E10332}"
EndProject
Global
	GlobalSection(SolutionConfigurationPlatforms) = preSolution
		Debug|Any CPU = Debug|Any CPU
		Release|Any CPU = Release|Any CPU
	EndGlobalSection
	GlobalSection(ProjectConfigurationPlatforms) = postSolution
		{62B3717B-72A9-4770-B81A-DDA02AE2AD63}.Debug|Any CPU.ActiveCfg = Debug|Any CPU
		{62B3717B-72A9-4770-B81A-DDA02AE2AD63}.Debug|Any CPU.Build.0 = Debug|Any CPU
		{62B3717B-72A9-4770-B81A-DDA02AE2AD63}.Release|Any CPU.ActiveCfg = Release|Any CPU
		{62B3717B-72A9-4770-B81A-DDA02AE2AD63}.Release|Any CPU.Build.0 = Release|Any CPU
		{CFF5AB63-1A93-4C21-AE5D-6F5CBE1C5C21}.Debug|Any CPU.ActiveCfg = Debug|Any CPU
		{CFF5AB63-1A93-4C21-AE5D-6F5CBE1C5C21}.Debug|Any CPU.Build.0 = Debug|Any CPU
		{CFF5AB63-1A93-4C21-AE5D-6F5CBE1C5C21}.Release|Any CPU.ActiveCfg = Release|Any CPU
		{CFF5AB63-1A93-4C21-AE5D-6F5CBE1C5C21}.Release|Any CPU.Build.0 = Release|Any CPU
		{6F8B0D4D-D4CE-41B7-AF0D-40F74E4D7769}.Debug|Any CPU.ActiveCfg = Debug|Any CPU
		{6F8B0D4D-D4CE-41B7-AF0D-40F74E4D7769}.Debug|Any CPU.Build.0 = Debug|Any CPU
		{6F8B0D4D-D4CE-41B7-AF0D-40F74E4D7769}.Release|Any CPU.ActiveCfg = Release|Any CPU
		{6F8B0D4D-D4CE-41B7-AF0D-40F74E4D7769}.Release|Any CPU.Build.0 = Release|Any CPU
		{CC036C43-78BC-4DB0-B9A3-AB9304551B02}.Debug|Any CPU.ActiveCfg = Debug|Any CPU
		{CC036C43-78BC-4DB0-B9A3-AB9304551B02}.Debug|Any CPU.Build.0 = Debug|Any CPU
		{CC036C43-78BC-4DB0-B9A3-AB9304551B02}.Release|Any CPU.ActiveCfg = Release|Any CPU
		{CC036C43-78BC-4DB0-B9A3-AB9304551B02}.Release|Any CPU.Build.0 = Release|Any CPU
		{6783BFA4-3384-4573-A0FC-4BEE7E33D1D0}.Debug|Any CPU.ActiveCfg = Debug|Any CPU
		{6783BFA4-3384-4573-A0FC-4BEE7E33D1D0}.Debug|Any CPU.Build.0 = Debug|Any CPU
		{6783BFA4-3384-4573-A0FC-4BEE7E33D1D0}.Release|Any CPU.ActiveCfg = Release|Any CPU
		{6783BFA4-3384-4573-A0FC-4BEE7E33D1D0}.Release|Any CPU.Build.0 = Release|Any CPU
		{E2168146-7E05-4C70-A5E2-D1943714F098}.Debug|Any CPU.ActiveCfg = Debug|Any CPU
		{E2168146-7E05-4C70-A5E2-D1943714F098}.Debug|Any CPU.Build.0 = Debug|Any CPU
		{E2168146-7E05-4C70-A5E2-D1943714F098}.Release|Any CPU.ActiveCfg = Release|Any CPU
		{E2168146-7E05-4C70-A5E2-D1943714F098}.Release|Any CPU.Build.0 = Release|Any CPU
		{1B6F4BC7-429D-4BE1-B891-4B084046D582}.Debug|Any CPU.ActiveCfg = Debug|Any CPU
		{1B6F4BC7-429D-4BE1-B891-4B084046D582}.Debug|Any CPU.Build.0 = Debug|Any CPU
		{1B6F4BC7-429D-4BE1-B891-4B084046D582}.Release|Any CPU.ActiveCfg = Release|Any CPU
		{1B6F4BC7-429D-4BE1-B891-4B084046D582}.Release|Any CPU.Build.0 = Release|Any CPU
		{70CF0894-A563-4F13-A38C-71DD1D34F5A6}.Debug|Any CPU.ActiveCfg = Debug|Any CPU
		{70CF0894-A563-4F13-A38C-71DD1D34F5A6}.Debug|Any CPU.Build.0 = Debug|Any CPU
		{70CF0894-A563-4F13-A38C-71DD1D34F5A6}.Release|Any CPU.ActiveCfg = Release|Any CPU
		{70CF0894-A563-4F13-A38C-71DD1D34F5A6}.Release|Any CPU.Build.0 = Release|Any CPU
		{92F1190C-4E5F-4BA7-8DD0-DD965EC14BB2}.Debug|Any CPU.ActiveCfg = Debug|Any CPU
		{92F1190C-4E5F-4BA7-8DD0-DD965EC14BB2}.Debug|Any CPU.Build.0 = Debug|Any CPU
		{92F1190C-4E5F-4BA7-8DD0-DD965EC14BB2}.Release|Any CPU.ActiveCfg = Release|Any CPU
		{92F1190C-4E5F-4BA7-8DD0-DD965EC14BB2}.Release|Any CPU.Build.0 = Release|Any CPU
		{C4BDA6FF-697B-4AC6-8A3A-4C1B6B2854A6}.Debug|Any CPU.ActiveCfg = Debug|Any CPU
		{C4BDA6FF-697B-4AC6-8A3A-4C1B6B2854A6}.Debug|Any CPU.Build.0 = Debug|Any CPU
		{C4BDA6FF-697B-4AC6-8A3A-4C1B6B2854A6}.Release|Any CPU.ActiveCfg = Release|Any CPU
		{C4BDA6FF-697B-4AC6-8A3A-4C1B6B2854A6}.Release|Any CPU.Build.0 = Release|Any CPU
		{B19CADEB-155E-4401-80C9-CEF969956022}.Debug|Any CPU.ActiveCfg = Debug|Any CPU
		{B19CADEB-155E-4401-80C9-CEF969956022}.Debug|Any CPU.Build.0 = Debug|Any CPU
		{B19CADEB-155E-4401-80C9-CEF969956022}.Release|Any CPU.ActiveCfg = Release|Any CPU
		{B19CADEB-155E-4401-80C9-CEF969956022}.Release|Any CPU.Build.0 = Release|Any CPU
		{E3E4B94D-C9AE-4A59-B434-9B079ABCC0F4}.Debug|Any CPU.ActiveCfg = Debug|Any CPU
		{E3E4B94D-C9AE-4A59-B434-9B079ABCC0F4}.Debug|Any CPU.Build.0 = Debug|Any CPU
		{E3E4B94D-C9AE-4A59-B434-9B079ABCC0F4}.Release|Any CPU.ActiveCfg = Release|Any CPU
		{E3E4B94D-C9AE-4A59-B434-9B079ABCC0F4}.Release|Any CPU.Build.0 = Release|Any CPU
		{529DA852-8BFD-4364-8FA3-58E892E10332}.Debug|Any CPU.ActiveCfg = Debug|Any CPU
		{529DA852-8BFD-4364-8FA3-58E892E10332}.Debug|Any CPU.Build.0 = Debug|Any CPU
		{529DA852-8BFD-4364-8FA3-58E892E10332}.Release|Any CPU.ActiveCfg = Release|Any CPU
		{529DA852-8BFD-4364-8FA3-58E892E10332}.Release|Any CPU.Build.0 = Release|Any CPU
	EndGlobalSection
	GlobalSection(SolutionProperties) = preSolution
		HideSolutionNode = FALSE
	EndGlobalSection
	GlobalSection(NestedProjects) = preSolution
		{298C0C88-3D62-46E0-B1FD-22439DD19604} = {9868EE43-9FC5-4714-B968-4C8D8BC62362}
		{1A847BC2-E260-4B0E-B60D-2EB1CD5EA414} = {9868EE43-9FC5-4714-B968-4C8D8BC62362}
		{061D6746-2EF5-48AC-9CD8-07D444D74949} = {9868EE43-9FC5-4714-B968-4C8D8BC62362}
		{07DA06CE-852A-4FBD-82C1-4772915F7576} = {9868EE43-9FC5-4714-B968-4C8D8BC62362}
		{62B3717B-72A9-4770-B81A-DDA02AE2AD63} = {07DA06CE-852A-4FBD-82C1-4772915F7576}
		{CFF5AB63-1A93-4C21-AE5D-6F5CBE1C5C21} = {1A847BC2-E260-4B0E-B60D-2EB1CD5EA414}
		{6F8B0D4D-D4CE-41B7-AF0D-40F74E4D7769} = {AC8AC292-5307-4168-B7AC-96A6030A70D8}
		{CC036C43-78BC-4DB0-B9A3-AB9304551B02} = {AC8AC292-5307-4168-B7AC-96A6030A70D8}
		{57F3F41B-0D76-423F-800D-6DE6D12BE6D5} = {9868EE43-9FC5-4714-B968-4C8D8BC62362}
		{6783BFA4-3384-4573-A0FC-4BEE7E33D1D0} = {57F3F41B-0D76-423F-800D-6DE6D12BE6D5}
		{E2168146-7E05-4C70-A5E2-D1943714F098} = {061D6746-2EF5-48AC-9CD8-07D444D74949}
		{1B6F4BC7-429D-4BE1-B891-4B084046D582} = {061D6746-2EF5-48AC-9CD8-07D444D74949}
		{70CF0894-A563-4F13-A38C-71DD1D34F5A6} = {061D6746-2EF5-48AC-9CD8-07D444D74949}
		{92F1190C-4E5F-4BA7-8DD0-DD965EC14BB2} = {061D6746-2EF5-48AC-9CD8-07D444D74949}
		{C4BDA6FF-697B-4AC6-8A3A-4C1B6B2854A6} = {061D6746-2EF5-48AC-9CD8-07D444D74949}
		{B19CADEB-155E-4401-80C9-CEF969956022} = {298C0C88-3D62-46E0-B1FD-22439DD19604}
		{E3E4B94D-C9AE-4A59-B434-9B079ABCC0F4} = {07DA06CE-852A-4FBD-82C1-4772915F7576}
		{529DA852-8BFD-4364-8FA3-58E892E10332} = {57F3F41B-0D76-423F-800D-6DE6D12BE6D5}
	EndGlobalSection
	GlobalSection(ExtensibilityGlobals) = postSolution
		SolutionGuid = {227E8805-6417-4DE1-BFD8-FBE32B474E6A}
	EndGlobalSection
EndGlobal
